Microsoft Visual Studio Solution File, Format Version 11.00
# Visual Studio 2008

Project("{DF36CC12-F423-0F4D-9EDE-A02A541A20CB}") = "UnityInAction3D", "Assembly-CSharp.csproj", "{92A0A50B-29BB-E7B7-0FC3-4A68BB0F8F88}"
EndProject
Global
	GlobalSection(SolutionConfigurationPlatforms) = preSolution
		Debug|Any CPU = Debug|Any CPU
		Release|Any CPU = Release|Any CPU
	EndGlobalSection
	GlobalSection(ProjectConfigurationPlatforms) = postSolution
		{92A0A50B-29BB-E7B7-0FC3-4A68BB0F8F88}.Debug|Any CPU.ActiveCfg = Debug|Any CPU
		{92A0A50B-29BB-E7B7-0FC3-4A68BB0F8F88}.Debug|Any CPU.Build.0 = Debug|Any CPU
		{92A0A50B-29BB-E7B7-0FC3-4A68BB0F8F88}.Release|Any CPU.ActiveCfg = Release|Any CPU
		{92A0A50B-29BB-E7B7-0FC3-4A68BB0F8F88}.Release|Any CPU.Build.0 = Release|Any CPU
	EndGlobalSection
	GlobalSection(SolutionProperties) = preSolution
		HideSolutionNode = FALSE
	EndGlobalSection
	GlobalSection(MonoDevelopProperties) = preSolution
		StartupItem = Assembly-CSharp.csproj
	EndGlobalSection
EndGlobal
